{
  "name": "fluidsynth-pi",
  "version": "1.0.0",
  "lockfileVersion": 2,
  "requires": true,
  "packages": {
    "": {
      "version": "1.0.0",
      "license": "ISC",
      "dependencies": {
        "@types/dotenv": "^8.2.0",
        "body-parser": "^1.19.0",
        "chalk": "^4.1.0",
        "dotenv": "^8.2.0",
        "express": "^4.17.1",
        "socket.io": "^3.1.0"
      },
      "devDependencies": {
        "@types/express": "^4.17.11"
      }
    },
    "node_modules/.pnpm/@types/body-parser@1.19.0/node_modules/@types/body-parser": {
      "version": "1.19.0",
      "dev": true,
      "license": "MIT",
      "dependencies": {
        "@types/connect": "*",
        "@types/node": "*"
      }
    },
    "node_modules/.pnpm/@types/connect@3.4.34/node_modules/@types/connect": {
      "version": "3.4.34",
      "dev": true,
      "license": "MIT",
      "dependencies": {
        "@types/node": "*"
      }
    },
    "node_modules/.pnpm/@types/cookie@0.4.0/node_modules/@types/cookie": {
      "version": "0.4.0",
      "license": "MIT"
    },
    "node_modules/.pnpm/@types/cors@2.8.9/node_modules/@types/cors": {
      "version": "2.8.9",
      "license": "MIT"
    },
    "node_modules/.pnpm/@types/express-serve-static-core@4.17.18/node_modules/@types/express-serve-static-core": {
      "version": "4.17.18",
      "dev": true,
      "license": "MIT",
      "dependencies": {
        "@types/node": "*",
        "@types/qs": "*",
        "@types/range-parser": "*"
      }
    },
    "node_modules/.pnpm/@types/express@4.17.11/node_modules/@types/express": {
      "version": "4.17.11",
      "dev": true,
      "license": "MIT",
      "dependencies": {
        "@types/body-parser": "*",
        "@types/express-serve-static-core": "^4.17.18",
        "@types/qs": "*",
        "@types/serve-static": "*"
      }
    },
    "node_modules/.pnpm/@types/mime@1.3.2/node_modules/@types/mime": {
      "version": "1.3.2",
      "dev": true,
      "license": "MIT"
    },
    "node_modules/.pnpm/@types/node@14.14.22/node_modules/@types/node": {
      "version": "14.14.22",
      "license": "MIT"
    },
    "node_modules/.pnpm/@types/qs@6.9.5/node_modules/@types/qs": {
      "version": "6.9.5",
      "dev": true,
      "license": "MIT"
    },
    "node_modules/.pnpm/@types/range-parser@1.2.3/node_modules/@types/range-parser": {
      "version": "1.2.3",
      "dev": true,
      "license": "MIT"
    },
    "node_modules/.pnpm/@types/serve-static@1.13.9/node_modules/@types/serve-static": {
      "version": "1.13.9",
      "dev": true,
      "license": "MIT",
      "dependencies": {
        "@types/mime": "^1",
        "@types/node": "*"
      }
    },
    "node_modules/.pnpm/body-parser@1.19.0/node_modules/body-parser": {
      "version": "1.19.0",
      "license": "MIT",
      "dependencies": {
        "bytes": "3.1.0",
        "content-type": "~1.0.4",
        "debug": "2.6.9",
        "depd": "~1.1.2",
        "http-errors": "1.7.2",
        "iconv-lite": "0.4.24",
        "on-finished": "~2.3.0",
        "qs": "6.7.0",
        "raw-body": "2.4.0",
        "type-is": "~1.6.17"
      },
      "engines": {
        "node": ">= 0.8"
      }
    },
    "node_modules/.pnpm/chalk@4.1.0/node_modules/chalk": {
      "version": "4.1.0",
      "license": "MIT",
      "dependencies": {
        "ansi-styles": "^4.1.0",
        "supports-color": "^7.1.0"
      },
      "engines": {
        "node": ">=10"
      },
      "funding": {
        "url": "https://github.com/chalk/chalk?sponsor=1"
      }
    },
    "node_modules/.pnpm/express@4.17.1/node_modules/express": {
      "version": "4.17.1",
      "license": "MIT",
      "dependencies": {
        "accepts": "~1.3.7",
        "array-flatten": "1.1.1",
        "body-parser": "1.19.0",
        "content-disposition": "0.5.3",
        "content-type": "~1.0.4",
        "cookie": "0.4.0",
        "cookie-signature": "1.0.6",
        "debug": "2.6.9",
        "depd": "~1.1.2",
        "encodeurl": "~1.0.2",
        "escape-html": "~1.0.3",
        "etag": "~1.8.1",
        "finalhandler": "~1.1.2",
        "fresh": "0.5.2",
        "merge-descriptors": "1.0.1",
        "methods": "~1.1.2",
        "on-finished": "~2.3.0",
        "parseurl": "~1.3.3",
        "path-to-regexp": "0.1.7",
        "proxy-addr": "~2.0.5",
        "qs": "6.7.0",
        "range-parser": "~1.2.1",
        "safe-buffer": "5.1.2",
        "send": "0.17.1",
        "serve-static": "1.14.1",
        "setprototypeof": "1.1.1",
        "statuses": "~1.5.0",
        "type-is": "~1.6.18",
        "utils-merge": "1.0.1",
        "vary": "~1.1.2"
      },
      "engines": {
        "node": ">= 0.10.0"
      }
    },
    "node_modules/.pnpm/socket.io@3.1.0/node_modules/socket.io": {
      "version": "3.1.0",
      "license": "MIT",
      "dependencies": {
        "@types/cookie": "^0.4.0",
        "@types/cors": "^2.8.8",
        "@types/node": "^14.14.10",
        "accepts": "~1.3.4",
        "base64id": "~2.0.0",
        "debug": "~4.3.1",
        "engine.io": "~4.1.0",
        "socket.io-adapter": "~2.1.0",
        "socket.io-parser": "~4.0.3"
      },
      "engines": {
        "node": ">=10.0.0"
      }
    },
    "node_modules/@types/body-parser": {
      "resolved": "node_modules/.pnpm/@types/body-parser@1.19.0/node_modules/@types/body-parser",
      "link": true
    },
    "node_modules/@types/connect": {
      "resolved": "node_modules/.pnpm/@types/connect@3.4.34/node_modules/@types/connect",
      "link": true
    },
    "node_modules/@types/cookie": {
      "resolved": "node_modules/.pnpm/@types/cookie@0.4.0/node_modules/@types/cookie",
      "link": true
    },
    "node_modules/@types/cors": {
      "resolved": "node_modules/.pnpm/@types/cors@2.8.9/node_modules/@types/cors",
      "link": true
    },
    "node_modules/@types/dotenv": {
      "version": "8.2.0",
      "resolved": "https://registry.npmjs.org/@types/dotenv/-/dotenv-8.2.0.tgz",
      "integrity": "sha512-ylSC9GhfRH7m1EUXBXofhgx4lUWmFeQDINW5oLuS+gxWdfUeW4zJdeVTYVkexEW+e2VUvlZR2kGnGGipAWR7kw==",
      "deprecated": "This is a stub types definition. dotenv provides its own type definitions, so you do not need this installed.",
      "dependencies": {
        "dotenv": "*"
      }
    },
    "node_modules/@types/express": {
      "resolved": "node_modules/.pnpm/@types/express@4.17.11/node_modules/@types/express",
      "link": true
    },
    "node_modules/@types/express-serve-static-core": {
      "resolved": "node_modules/.pnpm/@types/express-serve-static-core@4.17.18/node_modules/@types/express-serve-static-core",
      "link": true
    },
    "node_modules/@types/mime": {
      "resolved": "node_modules/.pnpm/@types/mime@1.3.2/node_modules/@types/mime",
      "link": true
    },
    "node_modules/@types/node": {
      "resolved": "node_modules/.pnpm/@types/node@14.14.22/node_modules/@types/node",
      "link": true
    },
    "node_modules/@types/qs": {
      "resolved": "node_modules/.pnpm/@types/qs@6.9.5/node_modules/@types/qs",
      "link": true
    },
    "node_modules/@types/range-parser": {
      "resolved": "node_modules/.pnpm/@types/range-parser@1.2.3/node_modules/@types/range-parser",
      "link": true
    },
    "node_modules/@types/serve-static": {
      "resolved": "node_modules/.pnpm/@types/serve-static@1.13.9/node_modules/@types/serve-static",
      "link": true
    },
    "node_modules/body-parser": {
      "resolved": "node_modules/.pnpm/body-parser@1.19.0/node_modules/body-parser",
      "link": true
    },
    "node_modules/chalk": {
      "resolved": "node_modules/.pnpm/chalk@4.1.0/node_modules/chalk",
      "link": true
    },
    "node_modules/dotenv": {
      "version": "8.2.0",
      "resolved": "https://registry.npmjs.org/dotenv/-/dotenv-8.2.0.tgz",
      "integrity": "sha512-8sJ78ElpbDJBHNeBzUbUVLsqKdccaa/BXF1uPTw3GrvQTBgrQrtObr2mUrE38vzYd8cEv+m/JBfDLioYcfXoaw==",
      "engines": {
        "node": ">=8"
      }
    },
    "node_modules/express": {
      "resolved": "node_modules/.pnpm/express@4.17.1/node_modules/express",
      "link": true
    },
    "node_modules/socket.io": {
      "resolved": "node_modules/.pnpm/socket.io@3.1.0/node_modules/socket.io",
      "link": true
    }
  },
  "dependencies": {
    "@types/body-parser": {
      "version": "file:node_modules/.pnpm/@types/body-parser@1.19.0/node_modules/@types/body-parser",
      "requires": {
        "@types/connect": "*",
        "@types/node": "*"
      }
    },
    "@types/connect": {
      "version": "file:node_modules/.pnpm/@types/connect@3.4.34/node_modules/@types/connect",
      "requires": {
        "@types/node": "*"
      }
    },
    "@types/cookie": {
      "version": "file:node_modules/.pnpm/@types/cookie@0.4.0/node_modules/@types/cookie"
    },
    "@types/cors": {
      "version": "file:node_modules/.pnpm/@types/cors@2.8.9/node_modules/@types/cors"
    },
    "@types/dotenv": {
      "version": "8.2.0",
      "resolved": "https://registry.npmjs.org/@types/dotenv/-/dotenv-8.2.0.tgz",
      "integrity": "sha512-ylSC9GhfRH7m1EUXBXofhgx4lUWmFeQDINW5oLuS+gxWdfUeW4zJdeVTYVkexEW+e2VUvlZR2kGnGGipAWR7kw==",
      "requires": {
        "dotenv": "*"
      }
    },
    "@types/express": {
      "version": "file:node_modules/.pnpm/@types/express@4.17.11/node_modules/@types/express",
      "requires": {
        "@types/body-parser": "*",
        "@types/express-serve-static-core": "^4.17.18",
        "@types/qs": "*",
        "@types/serve-static": "*"
      }
    },
    "@types/express-serve-static-core": {
      "version": "file:node_modules/.pnpm/@types/express-serve-static-core@4.17.18/node_modules/@types/express-serve-static-core",
      "requires": {
        "@types/node": "*",
        "@types/qs": "*",
        "@types/range-parser": "*"
      }
    },
    "@types/mime": {
      "version": "file:node_modules/.pnpm/@types/mime@1.3.2/node_modules/@types/mime"
    },
    "@types/node": {
      "version": "file:node_modules/.pnpm/@types/node@14.14.22/node_modules/@types/node"
    },
    "@types/qs": {
      "version": "file:node_modules/.pnpm/@types/qs@6.9.5/node_modules/@types/qs"
    },
    "@types/range-parser": {
      "version": "file:node_modules/.pnpm/@types/range-parser@1.2.3/node_modules/@types/range-parser"
    },
    "@types/serve-static": {
      "version": "file:node_modules/.pnpm/@types/serve-static@1.13.9/node_modules/@types/serve-static",
      "requires": {
        "@types/mime": "^1",
        "@types/node": "*"
      }
    },
    "body-parser": {
      "version": "file:node_modules/.pnpm/body-parser@1.19.0/node_modules/body-parser",
      "requires": {
        "bytes": "3.1.0",
        "content-type": "~1.0.4",
        "debug": "2.6.9",
        "depd": "~1.1.2",
        "http-errors": "1.7.2",
        "iconv-lite": "0.4.24",
        "on-finished": "~2.3.0",
        "qs": "6.7.0",
        "raw-body": "2.4.0",
        "type-is": "~1.6.17"
      }
    },
    "chalk": {
      "version": "file:node_modules/.pnpm/chalk@4.1.0/node_modules/chalk",
      "requires": {
        "ansi-styles": "^4.1.0",
        "supports-color": "^7.1.0"
      }
    },
    "dotenv": {
      "version": "8.2.0",
      "resolved": "https://registry.npmjs.org/dotenv/-/dotenv-8.2.0.tgz",
      "integrity": "sha512-8sJ78ElpbDJBHNeBzUbUVLsqKdccaa/BXF1uPTw3GrvQTBgrQrtObr2mUrE38vzYd8cEv+m/JBfDLioYcfXoaw=="
    },
    "express": {
      "version": "file:node_modules/.pnpm/express@4.17.1/node_modules/express",
      "requires": {
        "accepts": "~1.3.7",
        "array-flatten": "1.1.1",
        "body-parser": "1.19.0",
        "content-disposition": "0.5.3",
        "content-type": "~1.0.4",
        "cookie": "0.4.0",
        "cookie-signature": "1.0.6",
        "debug": "2.6.9",
        "depd": "~1.1.2",
        "encodeurl": "~1.0.2",
        "escape-html": "~1.0.3",
        "etag": "~1.8.1",
        "finalhandler": "~1.1.2",
        "fresh": "0.5.2",
        "merge-descriptors": "1.0.1",
        "methods": "~1.1.2",
        "on-finished": "~2.3.0",
        "parseurl": "~1.3.3",
        "path-to-regexp": "0.1.7",
        "proxy-addr": "~2.0.5",
        "qs": "6.7.0",
        "range-parser": "~1.2.1",
        "safe-buffer": "5.1.2",
        "send": "0.17.1",
        "serve-static": "1.14.1",
        "setprototypeof": "1.1.1",
        "statuses": "~1.5.0",
        "type-is": "~1.6.18",
        "utils-merge": "1.0.1",
        "vary": "~1.1.2"
      }
    },
    "socket.io": {
      "version": "file:node_modules/.pnpm/socket.io@3.1.0/node_modules/socket.io",
      "requires": {
        "@types/cookie": "^0.4.0",
        "@types/cors": "^2.8.8",
        "@types/node": "^14.14.10",
        "accepts": "~1.3.4",
        "base64id": "~2.0.0",
        "debug": "~4.3.1",
        "engine.io": "~4.1.0",
        "socket.io-adapter": "~2.1.0",
        "socket.io-parser": "~4.0.3"
      }
    }
  }
}
